
Microsoft Visual Studio Solution File, Format Version 12.00
# Visual Studio Version 17
VisualStudioVersion = 17.9.34407.89
MinimumVisualStudioVersion = 10.0.40219.1
Project("{9A19103F-16F7-4668-BE54-9A1E7A4F7556}") = "TerminalChad", "TerminalChad.csproj", "{980F6CCD-DD3F-4062-9437-5EF567572143}"
EndProject
Global
	GlobalSection(SolutionConfigurationPlatforms) = preSolution
		Debug|Any CPU = Debug|Any CPU
		Release|Any CPU = Release|Any CPU
	EndGlobalSection
	GlobalSection(ProjectConfigurationPlatforms) = postSolution
		{980F6CCD-DD3F-4062-9437-5EF567572143}.Debug|Any CPU.ActiveCfg = Debug|Any CPU
		{980F6CCD-DD3F-4062-9437-5EF567572143}.Debug|Any CPU.Build.0 = Debug|Any CPU
		{980F6CCD-DD3F-4062-9437-5EF567572143}.Release|Any CPU.ActiveCfg = Release|Any CPU
		{980F6CCD-DD3F-4062-9437-5EF567572143}.Release|Any CPU.Build.0 = Release|Any CPU
	EndGlobalSection
	GlobalSection(SolutionProperties) = preSolution
		HideSolutionNode = FALSE
	EndGlobalSection
	GlobalSection(ExtensibilityGlobals) = postSolution
		SolutionGuid = {4B082DB7-8807-404B-9F24-39C8743D80DD}
	EndGlobalSection
EndGlobal
